
Microsoft Visual Studio Solution File, Format Version 12.00
# Visual Studio Version 17
VisualStudioVersion = 17.3.32929.385
MinimumVisualStudioVersion = 10.0.40219.1
Project("{FAE04EC0-301F-11D3-BF4B-00C04F79EFBC}") = "Hash_Table", "Hash_Table\Hash_Table.csproj", "{267EEB55-1793-485C-A622-8423F503A8D2}"
EndProject
Global
	GlobalSection(SolutionConfigurationPlatforms) = preSolution
		Debug|Any CPU = Debug|Any CPU
		Release|Any CPU = Release|Any CPU
	EndGlobalSection
	GlobalSection(ProjectConfigurationPlatforms) = postSolution
		{267EEB55-1793-485C-A622-8423F503A8D2}.Debug|Any CPU.ActiveCfg = Debug|Any CPU
		{267EEB55-1793-485C-A622-8423F503A8D2}.Debug|Any CPU.Build.0 = Debug|Any CPU
		{267EEB55-1793-485C-A622-8423F503A8D2}.Release|Any CPU.ActiveCfg = Release|Any CPU
		{267EEB55-1793-485C-A622-8423F503A8D2}.Release|Any CPU.Build.0 = Release|Any CPU
	EndGlobalSection
	GlobalSection(SolutionProperties) = preSolution
		HideSolutionNode = FALSE
	EndGlobalSection
	GlobalSection(ExtensibilityGlobals) = postSolution
		SolutionGuid = {2AD0957E-79BA-46E1-A999-3E890AD4EF44}
	EndGlobalSection
EndGlobal
